// !$*UTF8*$!
{
	archiveVersion = 1;
	classes = {
	};
	objectVersion = 46;
	objects = {

/* Begin PBXBuildFile section */
		143F49D61E329E28006E1D0D /* AppDelegate.swift in Sources */ = {isa = PBXBuildFile; fileRef = 143F49D51E329E28006E1D0D /* AppDelegate.swift */; };
		143F49DB1E329E28006E1D0D /* Main.storyboard in Resources */ = {isa = PBXBuildFile; fileRef = 143F49D91E329E28006E1D0D /* Main.storyboard */; };
		143F49DD1E329E28006E1D0D /* Assets.xcassets in Resources */ = {isa = PBXBuildFile; fileRef = 143F49DC1E329E28006E1D0D /* Assets.xcassets */; };
		143F49E01E329E28006E1D0D /* LaunchScreen.storyboard in Resources */ = {isa = PBXBuildFile; fileRef = 143F49DE1E329E28006E1D0D /* LaunchScreen.storyboard */; };
		143F49EB1E329E28006E1D0D /* YandexSpeechKitTests.swift in Sources */ = {isa = PBXBuildFile; fileRef = 143F49EA1E329E28006E1D0D /* YandexSpeechKitTests.swift */; };
		143F49F61E329E28006E1D0D /* YandexSpeechKitUITests.swift in Sources */ = {isa = PBXBuildFile; fileRef = 143F49F51E329E28006E1D0D /* YandexSpeechKitUITests.swift */; };
		14A54F941E32A11100D74D76 /* YandexSpeechService.swift in Sources */ = {isa = PBXBuildFile; fileRef = 14A54F931E32A11100D74D76 /* YandexSpeechService.swift */; };
		14A54F971E32AA4D00D74D76 /* RecognizerViewController.swift in Sources */ = {isa = PBXBuildFile; fileRef = 14A54F961E32AA4D00D74D76 /* RecognizerViewController.swift */; };
		1EC6BAE9D28B51C1056EBBB5 /* Pods_YandexSpeechKitTests.framework in Frameworks */ = {isa = PBXBuildFile; fileRef = A8C67EE1965694BB6A155E4E /* Pods_YandexSpeechKitTests.framework */; };
		3D15C24A4A8EB19CFCC2D2F9 /* Pods_YandexSpeechKitUITests.framework in Frameworks */ = {isa = PBXBuildFile; fileRef = 0AF9068681DFF25A3C4C74E3 /* Pods_YandexSpeechKitUITests.framework */; };
		9D082EA9233FFF3060D2094E /* Pods_YandexSpeechKit.framework in Frameworks */ = {isa = PBXBuildFile; fileRef = FCFDFC6F099111E507FFC702 /* Pods_YandexSpeechKit.framework */; };
/* End PBXBuildFile section */

/* Begin PBXContainerItemProxy section */
		143F49E71E329E28006E1D0D /* PBXContainerItemProxy */ = {
			isa = PBXContainerItemProxy;
			containerPortal = 143F49CA1E329E28006E1D0D /* Project object */;
			proxyType = 1;
			remoteGlobalIDString = 143F49D11E329E28006E1D0D;
			remoteInfo = YandexSpeechKit;
		};
		143F49F21E329E28006E1D0D /* PBXContainerItemProxy */ = {
			isa = PBXContainerItemProxy;
			containerPortal = 143F49CA1E329E28006E1D0D /* Project object */;
			proxyType = 1;
			remoteGlobalIDString = 143F49D11E329E28006E1D0D;
			remoteInfo = YandexSpeechKit;
		};
/* End PBXContainerItemProxy section */

/* Begin PBXFileReference section */
		0AF9068681DFF25A3C4C74E3 /* Pods_YandexSpeechKitUITests.framework */ = {isa = PBXFileReference; explicitFileType = wrapper.framework; includeInIndex = 0; path = Pods_YandexSpeechKitUITests.framework; sourceTree = BUILT_PRODUCTS_DIR; };
		143F49D21E329E28006E1D0D /* YandexSpeechKit.app */ = {isa = PBXFileReference; explicitFileType = wrapper.application; includeInIndex = 0; path = YandexSpeechKit.app; sourceTree = BUILT_PRODUCTS_DIR; };
		143F49D51E329E28006E1D0D /* AppDelegate.swift */ = {isa = PBXFileReference; lastKnownFileType = sourcecode.swift; path = AppDelegate.swift; sourceTree = "<group>"; };
		143F49DA1E329E28006E1D0D /* Base */ = {isa = PBXFileReference; lastKnownFileType = file.storyboard; name = Base; path = Base.lproj/Main.storyboard; sourceTree = "<group>"; };
		143F49DC1E329E28006E1D0D /* Assets.xcassets */ = {isa = PBXFileReference; lastKnownFileType = folder.assetcatalog; path = Assets.xcassets; sourceTree = "<group>"; };
		143F49DF1E329E28006E1D0D /* Base */ = {isa = PBXFileReference; lastKnownFileType = file.storyboard; name = Base; path = Base.lproj/LaunchScreen.storyboard; sourceTree = "<group>"; };
		143F49E11E329E28006E1D0D /* Info.plist */ = {isa = PBXFileReference; lastKnownFileType = text.plist.xml; path = Info.plist; sourceTree = "<group>"; };
		143F49E61E329E28006E1D0D /* YandexSpeechKitTests.xctest */ = {isa = PBXFileReference; explicitFileType = wrapper.cfbundle; includeInIndex = 0; path = YandexSpeechKitTests.xctest; sourceTree = BUILT_PRODUCTS_DIR; };
		143F49EA1E329E28006E1D0D /* YandexSpeechKitTests.swift */ = {isa = PBXFileReference; lastKnownFileType = sourcecode.swift; path = YandexSpeechKitTests.swift; sourceTree = "<group>"; };
		143F49EC1E329E28006E1D0D /* Info.plist */ = {isa = PBXFileReference; lastKnownFileType = text.plist.xml; path = Info.plist; sourceTree = "<group>"; };
		143F49F11E329E28006E1D0D /* YandexSpeechKitUITests.xctest */ = {isa = PBXFileReference; explicitFileType = wrapper.cfbundle; includeInIndex = 0; path = YandexSpeechKitUITests.xctest; sourceTree = BUILT_PRODUCTS_DIR; };
		143F49F51E329E28006E1D0D /* YandexSpeechKitUITests.swift */ = {isa = PBXFileReference; lastKnownFileType = sourcecode.swift; path = YandexSpeechKitUITests.swift; sourceTree = "<group>"; };
		143F49F71E329E28006E1D0D /* Info.plist */ = {isa = PBXFileReference; lastKnownFileType = text.plist.xml; path = Info.plist; sourceTree = "<group>"; };
		14A54F931E32A11100D74D76 /* YandexSpeechService.swift */ = {isa = PBXFileReference; fileEncoding = 4; lastKnownFileType = sourcecode.swift; path = YandexSpeechService.swift; sourceTree = "<group>"; };
		14A54F951E32A40F00D74D76 /* YandexSpeechKit-Bridging-Header.h */ = {isa = PBXFileReference; lastKnownFileType = sourcecode.c.h; path = "YandexSpeechKit-Bridging-Header.h"; sourceTree = "<group>"; };
		14A54F961E32AA4D00D74D76 /* RecognizerViewController.swift */ = {isa = PBXFileReference; fileEncoding = 4; lastKnownFileType = sourcecode.swift; path = RecognizerViewController.swift; sourceTree = "<group>"; };
		6CE31AB4B946894F3ADC6989 /* Pods-YandexSpeechKitUITests.debug.xcconfig */ = {isa = PBXFileReference; includeInIndex = 1; lastKnownFileType = text.xcconfig; name = "Pods-YandexSpeechKitUITests.debug.xcconfig"; path = "Pods/Target Support Files/Pods-YandexSpeechKitUITests/Pods-YandexSpeechKitUITests.debug.xcconfig"; sourceTree = "<group>"; };
		A8C67EE1965694BB6A155E4E /* Pods_YandexSpeechKitTests.framework */ = {isa = PBXFileReference; explicitFileType = wrapper.framework; includeInIndex = 0; path = Pods_YandexSpeechKitTests.framework; sourceTree = BUILT_PRODUCTS_DIR; };
		B3F937E07C3F770D6AF9CB87 /* Pods-YandexSpeechKit.debug.xcconfig */ = {isa = PBXFileReference; includeInIndex = 1; lastKnownFileType = text.xcconfig; name = "Pods-YandexSpeechKit.debug.xcconfig"; path = "Pods/Target Support Files/Pods-YandexSpeechKit/Pods-YandexSpeechKit.debug.xcconfig"; sourceTree = "<group>"; };
		C0D2EA9C2E490F0CD7F74E7E /* Pods-YandexSpeechKitTests.debug.xcconfig */ = {isa = PBXFileReference; includeInIndex = 1; lastKnownFileType = text.xcconfig; name = "Pods-YandexSpeechKitTests.debug.xcconfig"; path = "Pods/Target Support Files/Pods-YandexSpeechKitTests/Pods-YandexSpeechKitTests.debug.xcconfig"; sourceTree = "<group>"; };
		CEFE99400EB3ADCC435E19B6 /* Pods-YandexSpeechKitTests.release.xcconfig */ = {isa = PBXFileReference; includeInIndex = 1; lastKnownFileType = text.xcconfig; name = "Pods-YandexSpeechKitTests.release.xcconfig"; path = "Pods/Target Support Files/Pods-YandexSpeechKitTests/Pods-YandexSpeechKitTests.release.xcconfig"; sourceTree = "<group>"; };
		DBC4489BCC6E9AC21AFEA27B /* Pods-YandexSpeechKitUITests.release.xcconfig */ = {isa = PBXFileReference; includeInIndex = 1; lastKnownFileType = text.xcconfig; name = "Pods-YandexSpeechKitUITests.release.xcconfig"; path = "Pods/Target Support Files/Pods-YandexSpeechKitUITests/Pods-YandexSpeechKitUITests.release.xcconfig"; sourceTree = "<group>"; };
		EA2EC9BA500BC56540D07A2F /* Pods-YandexSpeechKit.release.xcconfig */ = {isa = PBXFileReference; includeInIndex = 1; lastKnownFileType = text.xcconfig; name = "Pods-YandexSpeechKit.release.xcconfig"; path = "Pods/Target Support Files/Pods-YandexSpeechKit/Pods-YandexSpeechKit.release.xcconfig"; sourceTree = "<group>"; };
		FCFDFC6F099111E507FFC702 /* Pods_YandexSpeechKit.framework */ = {isa = PBXFileReference; explicitFileType = wrapper.framework; includeInIndex = 0; path = Pods_YandexSpeechKit.framework; sourceTree = BUILT_PRODUCTS_DIR; };
/* End PBXFileReference section */

/* Begin PBXFrameworksBuildPhase section */
		143F49CF1E329E28006E1D0D /* Frameworks */ = {
			isa = PBXFrameworksBuildPhase;
			buildActionMask = 2147483647;
			files = (
				9D082EA9233FFF3060D2094E /* Pods_YandexSpeechKit.framework in Frameworks */,
			);
			runOnlyForDeploymentPostprocessing = 0;
		};
		143F49E31E329E28006E1D0D /* Frameworks */ = {
			isa = PBXFrameworksBuildPhase;
			buildActionMask = 2147483647;
			files = (
				1EC6BAE9D28B51C1056EBBB5 /* Pods_YandexSpeechKitTests.framework in Frameworks */,
			);
			runOnlyForDeploymentPostprocessing = 0;
		};
		143F49EE1E329E28006E1D0D /* Frameworks */ = {
			isa = PBXFrameworksBuildPhase;
			buildActionMask = 2147483647;
			files = (
				3D15C24A4A8EB19CFCC2D2F9 /* Pods_YandexSpeechKitUITests.framework in Frameworks */,
			);
			runOnlyForDeploymentPostprocessing = 0;
		};
/* End PBXFrameworksBuildPhase section */

/* Begin PBXGroup section */
		143F49C91E329E28006E1D0D = {
			isa = PBXGroup;
			children = (
				143F49D41E329E28006E1D0D /* YandexSpeechKit */,
				143F49E91E329E28006E1D0D /* YandexSpeechKitTests */,
				143F49F41E329E28006E1D0D /* YandexSpeechKitUITests */,
				143F49D31E329E28006E1D0D /* Products */,
				7BD57120F181E918EA4B43FD /* Pods */,
				ED750D7EA2E58E0A578101DF /* Frameworks */,
			);
			sourceTree = "<group>";
		};
		143F49D31E329E28006E1D0D /* Products */ = {
			isa = PBXGroup;
			children = (
				143F49D21E329E28006E1D0D /* YandexSpeechKit.app */,
				143F49E61E329E28006E1D0D /* YandexSpeechKitTests.xctest */,
				143F49F11E329E28006E1D0D /* YandexSpeechKitUITests.xctest */,
			);
			name = Products;
			sourceTree = "<group>";
		};
		143F49D41E329E28006E1D0D /* YandexSpeechKit */ = {
			isa = PBXGroup;
			children = (
				14A54F921E32A0E300D74D76 /* ViewControllers */,
				14A54F911E32A0D700D74D76 /* Services */,
				14A54F901E32A0B300D74D76 /* Layouts */,
				14A54F8F1E32A08B00D74D76 /* Supporting Files */,
			);
			path = YandexSpeechKit;
			sourceTree = "<group>";
		};
		143F49E91E329E28006E1D0D /* YandexSpeechKitTests */ = {
			isa = PBXGroup;
			children = (
				143F49EA1E329E28006E1D0D /* YandexSpeechKitTests.swift */,
				143F49EC1E329E28006E1D0D /* Info.plist */,
			);
			path = YandexSpeechKitTests;
			sourceTree = "<group>";
		};
		143F49F41E329E28006E1D0D /* YandexSpeechKitUITests */ = {
			isa = PBXGroup;
			children = (
				143F49F51E329E28006E1D0D /* YandexSpeechKitUITests.swift */,
				143F49F71E329E28006E1D0D /* Info.plist */,
			);
			path = YandexSpeechKitUITests;
			sourceTree = "<group>";
		};
		14A54F8F1E32A08B00D74D76 /* Supporting Files */ = {
			isa = PBXGroup;
			children = (
				143F49D51E329E28006E1D0D /* AppDelegate.swift */,
				143F49DC1E329E28006E1D0D /* Assets.xcassets */,
				143F49E11E329E28006E1D0D /* Info.plist */,
				14A54F951E32A40F00D74D76 /* YandexSpeechKit-Bridging-Header.h */,
			);
			name = "Supporting Files";
			sourceTree = "<group>";
		};
		14A54F901E32A0B300D74D76 /* Layouts */ = {
			isa = PBXGroup;
			children = (
				143F49D91E329E28006E1D0D /* Main.storyboard */,
				143F49DE1E329E28006E1D0D /* LaunchScreen.storyboard */,
			);
			name = Layouts;
			sourceTree = "<group>";
		};
		14A54F911E32A0D700D74D76 /* Services */ = {
			isa = PBXGroup;
			children = (
				14A54F931E32A11100D74D76 /* YandexSpeechService.swift */,
			);
			name = Services;
			sourceTree = "<group>";
		};
		14A54F921E32A0E300D74D76 /* ViewControllers */ = {
			isa = PBXGroup;
			children = (
				14A54F961E32AA4D00D74D76 /* RecognizerViewController.swift */,
			);
			name = ViewControllers;
			sourceTree = "<group>";
		};
		7BD57120F181E918EA4B43FD /* Pods */ = {
			isa = PBXGroup;
			children = (
				B3F937E07C3F770D6AF9CB87 /* Pods-YandexSpeechKit.debug.xcconfig */,
				EA2EC9BA500BC56540D07A2F /* Pods-YandexSpeechKit.release.xcconfig */,
				C0D2EA9C2E490F0CD7F74E7E /* Pods-YandexSpeechKitTests.debug.xcconfig */,
				CEFE99400EB3ADCC435E19B6 /* Pods-YandexSpeechKitTests.release.xcconfig */,
				6CE31AB4B946894F3ADC6989 /* Pods-YandexSpeechKitUITests.debug.xcconfig */,
				DBC4489BCC6E9AC21AFEA27B /* Pods-YandexSpeechKitUITests.release.xcconfig */,
			);
			name = Pods;
			sourceTree = "<group>";
		};
		ED750D7EA2E58E0A578101DF /* Frameworks */ = {
			isa = PBXGroup;
			children = (
				FCFDFC6F099111E507FFC702 /* Pods_YandexSpeechKit.framework */,
				A8C67EE1965694BB6A155E4E /* Pods_YandexSpeechKitTests.framework */,
				0AF9068681DFF25A3C4C74E3 /* Pods_YandexSpeechKitUITests.framework */,
			);
			name = Frameworks;
			sourceTree = "<group>";
		};
/* End PBXGroup section */

/* Begin PBXNativeTarget section */
		143F49D11E329E28006E1D0D /* YandexSpeechKit */ = {
			isa = PBXNativeTarget;
			buildConfigurationList = 143F49FA1E329E28006E1D0D /* Build configuration list for PBXNativeTarget "YandexSpeechKit" */;
			buildPhases = (
				1DFECA9DF39D520D2A292DF7 /* [CP] Check Pods Manifest.lock */,
				143F49CE1E329E28006E1D0D /* Sources */,
				143F49CF1E329E28006E1D0D /* Frameworks */,
				143F49D01E329E28006E1D0D /* Resources */,
				D86B5CF4DFE967FE0D7A7273 /* [CP] Embed Pods Frameworks */,
				061273F8B757B61523E814BE /* [CP] Copy Pods Resources */,
			);
			buildRules = (
			);
			dependencies = (
			);
			name = YandexSpeechKit;
			productName = YandexSpeechKit;
			productReference = 143F49D21E329E28006E1D0D /* YandexSpeechKit.app */;
			productType = "com.apple.product-type.application";
		};
		143F49E51E329E28006E1D0D /* YandexSpeechKitTests */ = {
			isa = PBXNativeTarget;
			buildConfigurationList = 143F49FD1E329E28006E1D0D /* Build configuration list for PBXNativeTarget "YandexSpeechKitTests" */;
			buildPhases = (
				0194B37455B216148AF73EB5 /* [CP] Check Pods Manifest.lock */,
				143F49E21E329E28006E1D0D /* Sources */,
				143F49E31E329E28006E1D0D /* Frameworks */,
				143F49E41E329E28006E1D0D /* Resources */,
				BCB1C920705EB70E1996D1E0 /* [CP] Embed Pods Frameworks */,
				9F1C84682470456A1A90C040 /* [CP] Copy Pods Resources */,
			);
			buildRules = (
			);
			dependencies = (
				143F49E81E329E28006E1D0D /* PBXTargetDependency */,
			);
			name = YandexSpeechKitTests;
			productName = YandexSpeechKitTests;
			productReference = 143F49E61E329E28006E1D0D /* YandexSpeechKitTests.xctest */;
			productType = "com.apple.product-type.bundle.unit-test";
		};
		143F49F01E329E28006E1D0D /* YandexSpeechKitUITests */ = {
			isa = PBXNativeTarget;
			buildConfigurationList = 143F4A001E329E28006E1D0D /* Build configuration list for PBXNativeTarget "YandexSpeechKitUITests" */;
			buildPhases = (
				79424ECAE1AE860FD7C2A251 /* [CP] Check Pods Manifest.lock */,
				143F49ED1E329E28006E1D0D /* Sources */,
				143F49EE1E329E28006E1D0D /* Frameworks */,
				143F49EF1E329E28006E1D0D /* Resources */,
				02491654A62F2BAD64C3A7D3 /* [CP] Embed Pods Frameworks */,
				83B470C5F850EFA225273F59 /* [CP] Copy Pods Resources */,
			);
			buildRules = (
			);
			dependencies = (
				143F49F31E329E28006E1D0D /* PBXTargetDependency */,
			);
			name = YandexSpeechKitUITests;
			productName = YandexSpeechKitUITests;
			productReference = 143F49F11E329E28006E1D0D /* YandexSpeechKitUITests.xctest */;
			productType = "com.apple.product-type.bundle.ui-testing";
		};
/* End PBXNativeTarget section */

/* Begin PBXProject section */
		143F49CA1E329E28006E1D0D /* Project object */ = {
			isa = PBXProject;
			attributes = {
				LastSwiftUpdateCheck = 0820;
				LastUpgradeCheck = 0820;
				ORGANIZATIONNAME = "Eugene Kurilenko";
				TargetAttributes = {
					143F49D11E329E28006E1D0D = {
						CreatedOnToolsVersion = 8.2.1;
						DevelopmentTeam = GT4WSWF94H;
						ProvisioningStyle = Automatic;
					};
					143F49E51E329E28006E1D0D = {
						CreatedOnToolsVersion = 8.2.1;
						DevelopmentTeam = GT4WSWF94H;
						ProvisioningStyle = Automatic;
						TestTargetID = 143F49D11E329E28006E1D0D;
					};
					143F49F01E329E28006E1D0D = {
						CreatedOnToolsVersion = 8.2.1;
						DevelopmentTeam = GT4WSWF94H;
						ProvisioningStyle = Automatic;
						TestTargetID = 143F49D11E329E28006E1D0D;
					};
				};
			};
			buildConfigurationList = 143F49CD1E329E28006E1D0D /* Build configuration list for PBXProject "YandexSpeechKit" */;
			compatibilityVersion = "Xcode 3.2";
			developmentRegion = English;
			hasScannedForEncodings = 0;
			knownRegions = (
				en,
				Base,
			);
			mainGroup = 143F49C91E329E28006E1D0D;
			productRefGroup = 143F49D31E329E28006E1D0D /* Products */;
			projectDirPath = "";
			projectRoot = "";
			targets = (
				143F49D11E329E28006E1D0D /* YandexSpeechKit */,
				143F49E51E329E28006E1D0D /* YandexSpeechKitTests */,
				143F49F01E329E28006E1D0D /* YandexSpeechKitUITests */,
			);
		};
/* End PBXProject section */

/* Begin PBXResourcesBuildPhase section */
		143F49D01E329E28006E1D0D /* Resources */ = {
			isa = PBXResourcesBuildPhase;
			buildActionMask = 2147483647;
			files = (
				143F49E01E329E28006E1D0D /* LaunchScreen.storyboard in Resources */,
				143F49DD1E329E28006E1D0D /* Assets.xcassets in Resources */,
				143F49DB1E329E28006E1D0D /* Main.storyboard in Resources */,
			);
			runOnlyForDeploymentPostprocessing = 0;
		};
		143F49E41E329E28006E1D0D /* Resources */ = {
			isa = PBXResourcesBuildPhase;
			buildActionMask = 2147483647;
			files = (
			);
			runOnlyForDeploymentPostprocessing = 0;
		};
		143F49EF1E329E28006E1D0D /* Resources */ = {
			isa = PBXResourcesBuildPhase;
			buildActionMask = 2147483647;
			files = (
			);
			runOnlyForDeploymentPostprocessing = 0;
		};
/* End PBXResourcesBuildPhase section */

/* Begin PBXShellScriptBuildPhase section */
		0194B37455B216148AF73EB5 /* [CP] Check Pods Manifest.lock */ = {
			isa = PBXShellScriptBuildPhase;
			buildActionMask = 2147483647;
			files = (
			);
			inputPaths = (
			);
			name = "[CP] Check Pods Manifest.lock";
			outputPaths = (
			);
			runOnlyForDeploymentPostprocessing = 0;
			shellPath = /bin/sh;
			shellScript = "diff \"${PODS_ROOT}/../Podfile.lock\" \"${PODS_ROOT}/Manifest.lock\" > /dev/null\nif [ $? != 0 ] ; then\n    # print error to STDERR\n    echo \"error: The sandbox is not in sync with the Podfile.lock. Run 'pod install' or update your CocoaPods installation.\" >&2\n    exit 1\nfi\n";
			showEnvVarsInLog = 0;
		};
		02491654A62F2BAD64C3A7D3 /* [CP] Embed Pods Frameworks */ = {
			isa = PBXShellScriptBuildPhase;
			buildActionMask = 2147483647;
			files = (
			);
			inputPaths = (
			);
			name = "[CP] Embed Pods Frameworks";
			outputPaths = (
			);
			runOnlyForDeploymentPostprocessing = 0;
			shellPath = /bin/sh;
			shellScript = "\"${SRCROOT}/Pods/Target Support Files/Pods-YandexSpeechKitUITests/Pods-YandexSpeechKitUITests-frameworks.sh\"\n";
			showEnvVarsInLog = 0;
		};
		061273F8B757B61523E814BE /* [CP] Copy Pods Resources */ = {
			isa = PBXShellScriptBuildPhase;
			buildActionMask = 2147483647;
			files = (
			);
			inputPaths = (
			);
			name = "[CP] Copy Pods Resources";
			outputPaths = (
			);
			runOnlyForDeploymentPostprocessing = 0;
			shellPath = /bin/sh;
			shellScript = "\"${SRCROOT}/Pods/Target Support Files/Pods-YandexSpeechKit/Pods-YandexSpeechKit-resources.sh\"\n";
			showEnvVarsInLog = 0;
		};
		1DFECA9DF39D520D2A292DF7 /* [CP] Check Pods Manifest.lock */ = {
			isa = PBXShellScriptBuildPhase;
			buildActionMask = 2147483647;
			files = (
			);
			inputPaths = (
			);
			name = "[CP] Check Pods Manifest.lock";
			outputPaths = (
			);
			runOnlyForDeploymentPostprocessing = 0;
			shellPath = /bin/sh;
			shellScript = "diff \"${PODS_ROOT}/../Podfile.lock\" \"${PODS_ROOT}/Manifest.lock\" > /dev/null\nif [ $? != 0 ] ; then\n    # print error to STDERR\n    echo \"error: The sandbox is not in sync with the Podfile.lock. Run 'pod install' or update your CocoaPods installation.\" >&2\n    exit 1\nfi\n";
			showEnvVarsInLog = 0;
		};
		79424ECAE1AE860FD7C2A251 /* [CP] Check Pods Manifest.lock */ = {
			isa = PBXShellScriptBuildPhase;
			buildActionMask = 2147483647;
			files = (
			);
			inputPaths = (
			);
			name = "[CP] Check Pods Manifest.lock";
			outputPaths = (
			);
			runOnlyForDeploymentPostprocessing = 0;
			shellPath = /bin/sh;
			shellScript = "diff \"${PODS_ROOT}/../Podfile.lock\" \"${PODS_ROOT}/Manifest.lock\" > /dev/null\nif [ $? != 0 ] ; then\n    # print error to STDERR\n    echo \"error: The sandbox is not in sync with the Podfile.lock. Run 'pod install' or update your CocoaPods installation.\" >&2\n    exit 1\nfi\n";
			showEnvVarsInLog = 0;
		};
		83B470C5F850EFA225273F59 /* [CP] Copy Pods Resources */ = {
			isa = PBXShellScriptBuildPhase;
			buildActionMask = 2147483647;
			files = (
			);
			inputPaths = (
			);
			name = "[CP] Copy Pods Resources";
			outputPaths = (
			);
			runOnlyForDeploymentPostprocessing = 0;
			shellPath = /bin/sh;
			shellScript = "\"${SRCROOT}/Pods/Target Support Files/Pods-YandexSpeechKitUITests/Pods-YandexSpeechKitUITests-resources.sh\"\n";
			showEnvVarsInLog = 0;
		};
		9F1C84682470456A1A90C040 /* [CP] Copy Pods Resources */ = {
			isa = PBXShellScriptBuildPhase;
			buildActionMask = 2147483647;
			files = (
			);
			inputPaths = (
			);
			name = "[CP] Copy Pods Resources";
			outputPaths = (
			);
			runOnlyForDeploymentPostprocessing = 0;
			shellPath = /bin/sh;
			shellScript = "\"${SRCROOT}/Pods/Target Support Files/Pods-YandexSpeechKitTests/Pods-YandexSpeechKitTests-resources.sh\"\n";
			showEnvVarsInLog = 0;
		};
		BCB1C920705EB70E1996D1E0 /* [CP] Embed Pods Frameworks */ = {
			isa = PBXShellScriptBuildPhase;
			buildActionMask = 2147483647;
			files = (
			);
			inputPaths = (
			);
			name = "[CP] Embed Pods Frameworks";
			outputPaths = (
			);
			runOnlyForDeploymentPostprocessing = 0;
			shellPath = /bin/sh;
			shellScript = "\"${SRCROOT}/Pods/Target Support Files/Pods-YandexSpeechKitTests/Pods-YandexSpeechKitTests-frameworks.sh\"\n";
			showEnvVarsInLog = 0;
		};
		D86B5CF4DFE967FE0D7A7273 /* [CP] Embed Pods Frameworks */ = {
			isa = PBXShellScriptBuildPhase;
			buildActionMask = 2147483647;
			files = (
			);
			inputPaths = (
			);
			name = "[CP] Embed Pods Frameworks";
			outputPaths = (
			);
			runOnlyForDeploymentPostprocessing = 0;
			shellPath = /bin/sh;
			shellScript = "\"${SRCROOT}/Pods/Target Support Files/Pods-YandexSpeechKit/Pods-YandexSpeechKit-frameworks.sh\"\n";
			showEnvVarsInLog = 0;
		};
/* End PBXShellScriptBuildPhase section */

/* Begin PBXSourcesBuildPhase section */
		143F49CE1E329E28006E1D0D /* Sources */ = {
			isa = PBXSourcesBuildPhase;
			buildActionMask = 2147483647;
			files = (
				14A54F941E32A11100D74D76 /* YandexSpeechService.swift in Sources */,
				14A54F971E32AA4D00D74D76 /* RecognizerViewController.swift in Sources */,
				143F49D61E329E28006E1D0D /* AppDelegate.swift in Sources */,
			);
			runOnlyForDeploymentPostprocessing = 0;
		};
		143F49E21E329E28006E1D0D /* Sources */ = {
			isa = PBXSourcesBuildPhase;
			buildActionMask = 2147483647;
			files = (
				143F49EB1E329E28006E1D0D /* YandexSpeechKitTests.swift in Sources */,
			);
			runOnlyForDeploymentPostprocessing = 0;
		};
		143F49ED1E329E28006E1D0D /* Sources */ = {
			isa = PBXSourcesBuildPhase;
			buildActionMask = 2147483647;
			files = (
				143F49F61E329E28006E1D0D /* YandexSpeechKitUITests.swift in Sources */,
			);
			runOnlyForDeploymentPostprocessing = 0;
		};
/* End PBXSourcesBuildPhase section */

/* Begin PBXTargetDependency section */
		143F49E81E329E28006E1D0D /* PBXTargetDependency */ = {
			isa = PBXTargetDependency;
			target = 143F49D11E329E28006E1D0D /* YandexSpeechKit */;
			targetProxy = 143F49E71E329E28006E1D0D /* PBXContainerItemProxy */;
		};
		143F49F31E329E28006E1D0D /* PBXTargetDependency */ = {
			isa = PBXTargetDependency;
			target = 143F49D11E329E28006E1D0D /* YandexSpeechKit */;
			targetProxy = 143F49F21E329E28006E1D0D /* PBXContainerItemProxy */;
		};
/* End PBXTargetDependency section */

/* Begin PBXVariantGroup section */
		143F49D91E329E28006E1D0D /* Main.storyboard */ = {
			isa = PBXVariantGroup;
			children = (
				143F49DA1E329E28006E1D0D /* Base */,
			);
			name = Main.storyboard;
			sourceTree = "<group>";
		};
		143F49DE1E329E28006E1D0D /* LaunchScreen.storyboard */ = {
			isa = PBXVariantGroup;
			children = (
				143F49DF1E329E28006E1D0D /* Base */,
			);
			name = LaunchScreen.storyboard;
			sourceTree = "<group>";
		};
/* End PBXVariantGroup section */

/* Begin XCBuildConfiguration section */
		143F49F81E329E28006E1D0D /* Debug */ = {
			isa = XCBuildConfiguration;
			buildSettings = {
				ALWAYS_SEARCH_USER_PATHS = NO;
				CLANG_ANALYZER_NONNULL = YES;
				CLANG_CXX_LANGUAGE_STANDARD = "gnu++0x";
				CLANG_CXX_LIBRARY = "libc++";
				CLANG_ENABLE_MODULES = YES;
				CLANG_ENABLE_OBJC_ARC = YES;
				CLANG_WARN_BOOL_CONVERSION = YES;
				CLANG_WARN_CONSTANT_CONVERSION = YES;
				CLANG_WARN_DIRECT_OBJC_ISA_USAGE = YES_ERROR;
				CLANG_WARN_DOCUMENTATION_COMMENTS = YES;
				CLANG_WARN_EMPTY_BODY = YES;
				CLANG_WARN_ENUM_CONVERSION = YES;
				CLANG_WARN_INFINITE_RECURSION = YES;
				CLANG_WARN_INT_CONVERSION = YES;
				CLANG_WARN_OBJC_ROOT_CLASS = YES_ERROR;
				CLANG_WARN_SUSPICIOUS_MOVE = YES;
				CLANG_WARN_UNREACHABLE_CODE = YES;
				CLANG_WARN__DUPLICATE_METHOD_MATCH = YES;
				"CODE_SIGN_IDENTITY[sdk=iphoneos*]" = "iPhone Developer";
				COPY_PHASE_STRIP = NO;
				DEBUG_INFORMATION_FORMAT = dwarf;
				ENABLE_STRICT_OBJC_MSGSEND = YES;
				ENABLE_TESTABILITY = YES;
				GCC_C_LANGUAGE_STANDARD = gnu99;
				GCC_DYNAMIC_NO_PIC = NO;
				GCC_NO_COMMON_BLOCKS = YES;
				GCC_OPTIMIZATION_LEVEL = 0;
				GCC_PREPROCESSOR_DEFINITIONS = (
					"DEBUG=1",
					"$(inherited)",
				);
				GCC_WARN_64_TO_32_BIT_CONVERSION = YES;
				GCC_WARN_ABOUT_RETURN_TYPE = YES_ERROR;
				GCC_WARN_UNDECLARED_SELECTOR = YES;
				GCC_WARN_UNINITIALIZED_AUTOS = YES_AGGRESSIVE;
				GCC_WARN_UNUSED_FUNCTION = YES;
				GCC_WARN_UNUSED_VARIABLE = YES;
				IPHONEOS_DEPLOYMENT_TARGET = 10.2;
				MTL_ENABLE_DEBUG_INFO = YES;
				ONLY_ACTIVE_ARCH = YES;
				SDKROOT = iphoneos;
				SWIFT_ACTIVE_COMPILATION_CONDITIONS = DEBUG;
				SWIFT_OPTIMIZATION_LEVEL = "-Onone";
				TARGETED_DEVICE_FAMILY = "1,2";
			};
			name = Debug;
		};
		143F49F91E329E28006E1D0D /* Release */ = {
			isa = XCBuildConfiguration;
			buildSettings = {
				ALWAYS_SEARCH_USER_PATHS = NO;
				CLANG_ANALYZER_NONNULL = YES;
				CLANG_CXX_LANGUAGE_STANDARD = "gnu++0x";
				CLANG_CXX_LIBRARY = "libc++";
				CLANG_ENABLE_MODULES = YES;
				CLANG_ENABLE_OBJC_ARC = YES;
				CLANG_WARN_BOOL_CONVERSION = YES;
				CLANG_WARN_CONSTANT_CONVERSION = YES;
				CLANG_WARN_DIRECT_OBJC_ISA_USAGE = YES_ERROR;
				CLANG_WARN_DOCUMENTATION_COMMENTS = YES;
				CLANG_WARN_EMPTY_BODY = YES;
				CLANG_WARN_ENUM_CONVERSION = YES;
				CLANG_WARN_INFINITE_RECURSION = YES;
				CLANG_WARN_INT_CONVERSION = YES;
				CLANG_WARN_OBJC_ROOT_CLASS = YES_ERROR;
				CLANG_WARN_SUSPICIOUS_MOVE = YES;
				CLANG_WARN_UNREACHABLE_CODE = YES;
				CLANG_WARN__DUPLICATE_METHOD_MATCH = YES;
				"CODE_SIGN_IDENTITY[sdk=iphoneos*]" = "iPhone Developer";
				COPY_PHASE_STRIP = NO;
				DEBUG_INFORMATION_FORMAT = "dwarf-with-dsym";
				ENABLE_NS_ASSERTIONS = NO;
				ENABLE_STRICT_OBJC_MSGSEND = YES;
				GCC_C_LANGUAGE_STANDARD = gnu99;
				GCC_NO_COMMON_BLOCKS = YES;
				GCC_WARN_64_TO_32_BIT_CONVERSION = YES;
				GCC_WARN_ABOUT_RETURN_TYPE = YES_ERROR;
				GCC_WARN_UNDECLARED_SELECTOR = YES;
				GCC_WARN_UNINITIALIZED_AUTOS = YES_AGGRESSIVE;
				GCC_WARN_UNUSED_FUNCTION = YES;
				GCC_WARN_UNUSED_VARIABLE = YES;
				IPHONEOS_DEPLOYMENT_TARGET = 10.2;
				MTL_ENABLE_DEBUG_INFO = NO;
				SDKROOT = iphoneos;
				SWIFT_OPTIMIZATION_LEVEL = "-Owholemodule";
				TARGETED_DEVICE_FAMILY = "1,2";
				VALIDATE_PRODUCT = YES;
			};
			name = Release;
		};
		143F49FB1E329E28006E1D0D /* Debug */ = {
			isa = XCBuildConfiguration;
			baseConfigurationReference = B3F937E07C3F770D6AF9CB87 /* Pods-YandexSpeechKit.debug.xcconfig */;
			buildSettings = {
				ASSETCATALOG_COMPILER_APPICON_NAME = AppIcon;
				DEVELOPMENT_TEAM = GT4WSWF94H;
				INFOPLIST_FILE = YandexSpeechKit/Info.plist;
				LD_RUNPATH_SEARCH_PATHS = "$(inherited) @executable_path/Frameworks";
				PRODUCT_BUNDLE_IDENTIFIER = com.kyralesov.YandexSpeechKit;
				PRODUCT_NAME = "$(TARGET_NAME)";
				SWIFT_OBJC_BRIDGING_HEADER = "$(SRCROOT)/YandexSpeechKit/YandexSpeechKit-Bridging-Header.h";
				SWIFT_VERSION = 3.0;
			};
			name = Debug;
		};
		143F49FC1E329E28006E1D0D /* Release */ = {
			isa = XCBuildConfiguration;
			baseConfigurationReference = EA2EC9BA500BC56540D07A2F /* Pods-YandexSpeechKit.release.xcconfig */;
			buildSettings = {
				ASSETCATALOG_COMPILER_APPICON_NAME = AppIcon;
				DEVELOPMENT_TEAM = GT4WSWF94H;
				INFOPLIST_FILE = YandexSpeechKit/Info.plist;
				LD_RUNPATH_SEARCH_PATHS = "$(inherited) @executable_path/Frameworks";
				PRODUCT_BUNDLE_IDENTIFIER = com.kyralesov.YandexSpeechKit;
				PRODUCT_NAME = "$(TARGET_NAME)";
				SWIFT_OBJC_BRIDGING_HEADER = "$(SRCROOT)/YandexSpeechKit/YandexSpeechKit-Bridging-Header.h";
				SWIFT_VERSION = 3.0;
			};
			name = Release;
		};
		143F49FE1E329E28006E1D0D /* Debug */ = {
			isa = XCBuildConfiguration;
			baseConfigurationReference = C0D2EA9C2E490F0CD7F74E7E /* Pods-YandexSpeechKitTests.debug.xcconfig */;
			buildSettings = {
				ALWAYS_EMBED_SWIFT_STANDARD_LIBRARIES = YES;
				BUNDLE_LOADER = "$(TEST_HOST)";
				DEVELOPMENT_TEAM = GT4WSWF94H;
				INFOPLIST_FILE = YandexSpeechKitTests/Info.plist;
				LD_RUNPATH_SEARCH_PATHS = "$(inherited) @executable_path/Frameworks @loader_path/Frameworks";
				PRODUCT_BUNDLE_IDENTIFIER = com.kyralesov.YandexSpeechKitTests;
				PRODUCT_NAME = "$(TARGET_NAME)";
				SWIFT_VERSION = 3.0;
				TEST_HOST = "$(BUILT_PRODUCTS_DIR)/YandexSpeechKit.app/YandexSpeechKit";
			};
			name = Debug;
		};
		143F49FF1E329E28006E1D0D /* Release */ = {
			isa = XCBuildConfiguration;
			baseConfigurationReference = CEFE99400EB3ADCC435E19B6 /* Pods-YandexSpeechKitTests.release.xcconfig */;
			buildSettings = {
				ALWAYS_EMBED_SWIFT_STANDARD_LIBRARIES = YES;
				BUNDLE_LOADER = "$(TEST_HOST)";
				DEVELOPMENT_TEAM = GT4WSWF94H;
				INFOPLIST_FILE = YandexSpeechKitTests/Info.plist;
				LD_RUNPATH_SEARCH_PATHS = "$(inherited) @executable_path/Frameworks @loader_path/Frameworks";
				PRODUCT_BUNDLE_IDENTIFIER = com.kyralesov.YandexSpeechKitTests;
				PRODUCT_NAME = "$(TARGET_NAME)";
				SWIFT_VERSION = 3.0;
				TEST_HOST = "$(BUILT_PRODUCTS_DIR)/YandexSpeechKit.app/YandexSpeechKit";
			};
			name = Release;
		};
		143F4A011E329E28006E1D0D /* Debug */ = {
			isa = XCBuildConfiguration;
			baseConfigurationReference = 6CE31AB4B946894F3ADC6989 /* Pods-YandexSpeechKitUITests.debug.xcconfig */;
			buildSettings = {
				ALWAYS_EMBED_SWIFT_STANDARD_LIBRARIES = YES;
				DEVELOPMENT_TEAM = GT4WSWF94H;
				INFOPLIST_FILE = YandexSpeechKitUITests/Info.plist;
				LD_RUNPATH_SEARCH_PATHS = "$(inherited) @executable_path/Frameworks @loader_path/Frameworks";
				PRODUCT_BUNDLE_IDENTIFIER = com.kyralesov.YandexSpeechKitUITests;
				PRODUCT_NAME = "$(TARGET_NAME)";
				SWIFT_VERSION = 3.0;
				TEST_TARGET_NAME = YandexSpeechKit;
			};
			name = Debug;
		};
		143F4A021E329E28006E1D0D /* Release */ = {
			isa = XCBuildConfiguration;
			baseConfigurationReference = DBC4489BCC6E9AC21AFEA27B /* Pods-YandexSpeechKitUITests.release.xcconfig */;
			buildSettings = {
				ALWAYS_EMBED_SWIFT_STANDARD_LIBRARIES = YES;
				DEVELOPMENT_TEAM = GT4WSWF94H;
				INFOPLIST_FILE = YandexSpeechKitUITests/Info.plist;
				LD_RUNPATH_SEARCH_PATHS = "$(inherited) @executable_path/Frameworks @loader_path/Frameworks";
				PRODUCT_BUNDLE_IDENTIFIER = com.kyralesov.YandexSpeechKitUITests;
				PRODUCT_NAME = "$(TARGET_NAME)";
				SWIFT_VERSION = 3.0;
				TEST_TARGET_NAME = YandexSpeechKit;
			};
			name = Release;
		};
/* End XCBuildConfiguration section */

/* Begin XCConfigurationList section */
		143F49CD1E329E28006E1D0D /* Build configuration list for PBXProject "YandexSpeechKit" */ = {
			isa = XCConfigurationList;
			buildConfigurations = (
				143F49F81E329E28006E1D0D /* Debug */,
				143F49F91E329E28006E1D0D /* Release */,
			);
			defaultConfigurationIsVisible = 0;
			defaultConfigurationName = Release;
		};
		143F49FA1E329E28006E1D0D /* Build configuration list for PBXNativeTarget "YandexSpeechKit" */ = {
			isa = XCConfigurationList;
			buildConfigurations = (
				143F49FB1E329E28006E1D0D /* Debug */,
				143F49FC1E329E28006E1D0D /* Release */,
			);
			defaultConfigurationIsVisible = 0;
			defaultConfigurationName = Release;
		};
		143F49FD1E329E28006E1D0D /* Build configuration list for PBXNativeTarget "YandexSpeechKitTests" */ = {
			isa = XCConfigurationList;
			buildConfigurations = (
				143F49FE1E329E28006E1D0D /* Debug */,
				143F49FF1E329E28006E1D0D /* Release */,
			);
			defaultConfigurationIsVisible = 0;
			defaultConfigurationName = Release;
		};
		143F4A001E329E28006E1D0D /* Build configuration list for PBXNativeTarget "YandexSpeechKitUITests" */ = {
			isa = XCConfigurationList;
			buildConfigurations = (
				143F4A011E329E28006E1D0D /* Debug */,
				143F4A021E329E28006E1D0D /* Release */,
			);
			defaultConfigurationIsVisible = 0;
			defaultConfigurationName = Release;
		};
/* End XCConfigurationList section */
	};
	rootObject = 143F49CA1E329E28006E1D0D /* Project object */;
}
